
Microsoft Visual Studio Solution File, Format Version 10.00
# Visual Studio 2008
Project("{FAE04EC0-301F-11D3-BF4B-00C04F79EFBC}") = "Finance", "Finance\Finance.csproj", "{EE664307-D757-4711-A723-F62EBC5D7AF1}"
EndProject
Project("{FAE04EC0-301F-11D3-BF4B-00C04F79EFBC}") = "TestFinanceObjects", "TestFinanceObjects\TestFinanceObjects.csproj", "{9439E875-227E-4822-8ABB-F02036B89AFA}"
EndProject
Project("{2150E333-8FDC-42A3-9474-1A3956D46DE8}") = "Solution Items", "Solution Items", "{BF2FD0EB-E941-41F3-806B-0F893D4A5EC8}"
	ProjectSection(SolutionItems) = preProject
		GoogleFinanceDemo.vsmdi = GoogleFinanceDemo.vsmdi
		LocalTestRun.testrunconfig = LocalTestRun.testrunconfig
	EndProjectSection
EndProject
Project("{FAE04EC0-301F-11D3-BF4B-00C04F79EFBC}") = "SP500", "SP500\SP500.csproj", "{9C1F9671-845B-442A-8EBD-956B2FBF76AA}"
EndProject
Global
	GlobalSection(TestCaseManagementSettings) = postSolution
		CategoryFile = GoogleFinanceDemo.vsmdi
	EndGlobalSection
	GlobalSection(SolutionConfigurationPlatforms) = preSolution
		Debug|Any CPU = Debug|Any CPU
		Release|Any CPU = Release|Any CPU
	EndGlobalSection
	GlobalSection(ProjectConfigurationPlatforms) = postSolution
		{EE664307-D757-4711-A723-F62EBC5D7AF1}.Debug|Any CPU.ActiveCfg = Debug|Any CPU
		{EE664307-D757-4711-A723-F62EBC5D7AF1}.Debug|Any CPU.Build.0 = Debug|Any CPU
		{EE664307-D757-4711-A723-F62EBC5D7AF1}.Release|Any CPU.ActiveCfg = Release|Any CPU
		{EE664307-D757-4711-A723-F62EBC5D7AF1}.Release|Any CPU.Build.0 = Release|Any CPU
		{9439E875-227E-4822-8ABB-F02036B89AFA}.Debug|Any CPU.ActiveCfg = Debug|Any CPU
		{9439E875-227E-4822-8ABB-F02036B89AFA}.Debug|Any CPU.Build.0 = Debug|Any CPU
		{9439E875-227E-4822-8ABB-F02036B89AFA}.Release|Any CPU.ActiveCfg = Release|Any CPU
		{9439E875-227E-4822-8ABB-F02036B89AFA}.Release|Any CPU.Build.0 = Release|Any CPU
		{9C1F9671-845B-442A-8EBD-956B2FBF76AA}.Debug|Any CPU.ActiveCfg = Debug|Any CPU
		{9C1F9671-845B-442A-8EBD-956B2FBF76AA}.Debug|Any CPU.Build.0 = Debug|Any CPU
		{9C1F9671-845B-442A-8EBD-956B2FBF76AA}.Release|Any CPU.ActiveCfg = Release|Any CPU
		{9C1F9671-845B-442A-8EBD-956B2FBF76AA}.Release|Any CPU.Build.0 = Release|Any CPU
	EndGlobalSection
	GlobalSection(SolutionProperties) = preSolution
		HideSolutionNode = FALSE
	EndGlobalSection
EndGlobal
